
Microsoft Visual Studio Solution File, Format Version 12.00
# Visual Studio Version 16
VisualStudioVersion = 16.0.29721.120
MinimumVisualStudioVersion = 10.0.40219.1
Project("{9A19103F-16F7-4668-BE54-9A1E7A4F7556}") = "ConfigApi_JwtBearer", "ConfigApi_JwtBearer\ConfigApi_JwtBearer.csproj", "{5B95BF79-8312-40C4-842A-B18FF2CBDA32}"
EndProject
Project("{9A19103F-16F7-4668-BE54-9A1E7A4F7556}") = "ConfigApiClient_JwtBearer", "..\..\Clients\ConfigApiClient_JwtBearer\ConfigApiClient_JwtBearer.csproj", "{9A00784F-49F2-431F-8C92-7DC4737EDBF4}"
EndProject
Project("{9A19103F-16F7-4668-BE54-9A1E7A4F7556}") = "ConfigCore", "..\..\..\src\ConfigCore\ConfigCore.csproj", "{3B92B5C7-57D6-4EA5-AB38-3BD2880E19C0}"
EndProject
Global
	GlobalSection(SolutionConfigurationPlatforms) = preSolution
		Debug|Any CPU = Debug|Any CPU
		Debug|x64 = Debug|x64
		Release|Any CPU = Release|Any CPU
		Release|x64 = Release|x64
	EndGlobalSection
	GlobalSection(ProjectConfigurationPlatforms) = postSolution
		{5B95BF79-8312-40C4-842A-B18FF2CBDA32}.Debug|Any CPU.ActiveCfg = Debug|Any CPU
		{5B95BF79-8312-40C4-842A-B18FF2CBDA32}.Debug|Any CPU.Build.0 = Debug|Any CPU
		{5B95BF79-8312-40C4-842A-B18FF2CBDA32}.Debug|x64.ActiveCfg = Debug|Any CPU
		{5B95BF79-8312-40C4-842A-B18FF2CBDA32}.Debug|x64.Build.0 = Debug|Any CPU
		{5B95BF79-8312-40C4-842A-B18FF2CBDA32}.Release|Any CPU.ActiveCfg = Release|Any CPU
		{5B95BF79-8312-40C4-842A-B18FF2CBDA32}.Release|Any CPU.Build.0 = Release|Any CPU
		{5B95BF79-8312-40C4-842A-B18FF2CBDA32}.Release|x64.ActiveCfg = Release|Any CPU
		{5B95BF79-8312-40C4-842A-B18FF2CBDA32}.Release|x64.Build.0 = Release|Any CPU
		{9A00784F-49F2-431F-8C92-7DC4737EDBF4}.Debug|Any CPU.ActiveCfg = Debug|Any CPU
		{9A00784F-49F2-431F-8C92-7DC4737EDBF4}.Debug|Any CPU.Build.0 = Debug|Any CPU
		{9A00784F-49F2-431F-8C92-7DC4737EDBF4}.Debug|x64.ActiveCfg = Debug|Any CPU
		{9A00784F-49F2-431F-8C92-7DC4737EDBF4}.Debug|x64.Build.0 = Debug|Any CPU
		{9A00784F-49F2-431F-8C92-7DC4737EDBF4}.Release|Any CPU.ActiveCfg = Release|Any CPU
		{9A00784F-49F2-431F-8C92-7DC4737EDBF4}.Release|Any CPU.Build.0 = Release|Any CPU
		{9A00784F-49F2-431F-8C92-7DC4737EDBF4}.Release|x64.ActiveCfg = Release|Any CPU
		{9A00784F-49F2-431F-8C92-7DC4737EDBF4}.Release|x64.Build.0 = Release|Any CPU
		{3B92B5C7-57D6-4EA5-AB38-3BD2880E19C0}.Debug|Any CPU.ActiveCfg = Debug|Any CPU
		{3B92B5C7-57D6-4EA5-AB38-3BD2880E19C0}.Debug|Any CPU.Build.0 = Debug|Any CPU
		{3B92B5C7-57D6-4EA5-AB38-3BD2880E19C0}.Debug|x64.ActiveCfg = Debug|x64
		{3B92B5C7-57D6-4EA5-AB38-3BD2880E19C0}.Debug|x64.Build.0 = Debug|x64
		{3B92B5C7-57D6-4EA5-AB38-3BD2880E19C0}.Release|Any CPU.ActiveCfg = Release|Any CPU
		{3B92B5C7-57D6-4EA5-AB38-3BD2880E19C0}.Release|Any CPU.Build.0 = Release|Any CPU
		{3B92B5C7-57D6-4EA5-AB38-3BD2880E19C0}.Release|x64.ActiveCfg = Release|x64
		{3B92B5C7-57D6-4EA5-AB38-3BD2880E19C0}.Release|x64.Build.0 = Release|x64
	EndGlobalSection
	GlobalSection(SolutionProperties) = preSolution
		HideSolutionNode = FALSE
	EndGlobalSection
	GlobalSection(ExtensibilityGlobals) = postSolution
		SolutionGuid = {F328361C-ADE1-418F-ADF0-AA5C02110A06}
	EndGlobalSection
EndGlobal
