
Microsoft Visual Studio Solution File, Format Version 12.00
# Visual Studio Version 16
VisualStudioVersion = 16.0.29319.158
MinimumVisualStudioVersion = 10.0.40219.1
Project("{9A19103F-16F7-4668-BE54-9A1E7A4F7556}") = "ConfigCore", "..\src\ConfigCore\ConfigCore.csproj", "{DF4E7BC4-08AB-4449-B336-4AF8E9253B11}"
EndProject
Project("{9A19103F-16F7-4668-BE54-9A1E7A4F7556}") = "ConfigApi_Anon", "..\samples\APIs\ConfigApi_Anon\ConfigApi_Anon.csproj", "{426111B2-BED4-4C39-A0AC-1FE32359E408}"
EndProject
Project("{9A19103F-16F7-4668-BE54-9A1E7A4F7556}") = "ConfigApi_ApiKey", "..\samples\APIs\ConfigApi_ApiKey\ConfigApi_ApiKey.csproj", "{27CF2683-6B37-46CB-86A8-ADEA0F43B202}"
EndProject
Project("{9A19103F-16F7-4668-BE54-9A1E7A4F7556}") = "ConfigApi_Windows", "..\samples\APIs\ConfigApi_Windows\ConfigApi_Windows.csproj", "{B86D4FCF-8731-4B55-964B-87F42195BDFD}"
EndProject
Project("{9A19103F-16F7-4668-BE54-9A1E7A4F7556}") = "ConfigApi_Certificate", "..\samples\APIs\ConfigApi_Certificate\ConfigApi_Certificate.csproj", "{6C1C9990-E5B3-4433-97DF-EA75F551F2C2}"
EndProject
Global
	GlobalSection(SolutionConfigurationPlatforms) = preSolution
		Debug|Any CPU = Debug|Any CPU
		Release|Any CPU = Release|Any CPU
	EndGlobalSection
	GlobalSection(ProjectConfigurationPlatforms) = postSolution
		{DF4E7BC4-08AB-4449-B336-4AF8E9253B11}.Debug|Any CPU.ActiveCfg = Debug|Any CPU
		{DF4E7BC4-08AB-4449-B336-4AF8E9253B11}.Debug|Any CPU.Build.0 = Debug|Any CPU
		{DF4E7BC4-08AB-4449-B336-4AF8E9253B11}.Release|Any CPU.ActiveCfg = Release|Any CPU
		{DF4E7BC4-08AB-4449-B336-4AF8E9253B11}.Release|Any CPU.Build.0 = Release|Any CPU
		{426111B2-BED4-4C39-A0AC-1FE32359E408}.Debug|Any CPU.ActiveCfg = Debug|Any CPU
		{426111B2-BED4-4C39-A0AC-1FE32359E408}.Debug|Any CPU.Build.0 = Debug|Any CPU
		{426111B2-BED4-4C39-A0AC-1FE32359E408}.Release|Any CPU.ActiveCfg = Release|Any CPU
		{426111B2-BED4-4C39-A0AC-1FE32359E408}.Release|Any CPU.Build.0 = Release|Any CPU
		{27CF2683-6B37-46CB-86A8-ADEA0F43B202}.Debug|Any CPU.ActiveCfg = Debug|Any CPU
		{27CF2683-6B37-46CB-86A8-ADEA0F43B202}.Debug|Any CPU.Build.0 = Debug|Any CPU
		{27CF2683-6B37-46CB-86A8-ADEA0F43B202}.Release|Any CPU.ActiveCfg = Release|Any CPU
		{27CF2683-6B37-46CB-86A8-ADEA0F43B202}.Release|Any CPU.Build.0 = Release|Any CPU
		{B86D4FCF-8731-4B55-964B-87F42195BDFD}.Debug|Any CPU.ActiveCfg = Debug|Any CPU
		{B86D4FCF-8731-4B55-964B-87F42195BDFD}.Debug|Any CPU.Build.0 = Debug|Any CPU
		{B86D4FCF-8731-4B55-964B-87F42195BDFD}.Release|Any CPU.ActiveCfg = Release|Any CPU
		{B86D4FCF-8731-4B55-964B-87F42195BDFD}.Release|Any CPU.Build.0 = Release|Any CPU
		{6C1C9990-E5B3-4433-97DF-EA75F551F2C2}.Debug|Any CPU.ActiveCfg = Debug|Any CPU
		{6C1C9990-E5B3-4433-97DF-EA75F551F2C2}.Debug|Any CPU.Build.0 = Debug|Any CPU
		{6C1C9990-E5B3-4433-97DF-EA75F551F2C2}.Release|Any CPU.ActiveCfg = Release|Any CPU
		{6C1C9990-E5B3-4433-97DF-EA75F551F2C2}.Release|Any CPU.Build.0 = Release|Any CPU
	EndGlobalSection
	GlobalSection(SolutionProperties) = preSolution
		HideSolutionNode = FALSE
	EndGlobalSection
	GlobalSection(ExtensibilityGlobals) = postSolution
		SolutionGuid = {104EC98D-2EB4-4020-8A71-4853EA883078}
	EndGlobalSection
EndGlobal
