
Microsoft Visual Studio Solution File, Format Version 12.00
# Visual Studio Version 16
VisualStudioVersion = 16.0.29521.150
MinimumVisualStudioVersion = 10.0.40219.1
Project("{9A19103F-16F7-4668-BE54-9A1E7A4F7556}") = "ConfigApi_ApiKey", "ConfigApi_ApiKey\ConfigApi_ApiKey.csproj", "{FDEACD59-7AE6-470E-9917-D4D42A5918BC}"
EndProject
Project("{9A19103F-16F7-4668-BE54-9A1E7A4F7556}") = "ApiClient_EnvVarParam", "ApiClient_EnvVarParam\ApiClient_EnvVarParam.csproj", "{AF9D72A4-8523-406D-B2F3-7B90D00FD010}"
EndProject
Global
	GlobalSection(SolutionConfigurationPlatforms) = preSolution
		Debug|Any CPU = Debug|Any CPU
		Release|Any CPU = Release|Any CPU
	EndGlobalSection
	GlobalSection(ProjectConfigurationPlatforms) = postSolution
		{FDEACD59-7AE6-470E-9917-D4D42A5918BC}.Debug|Any CPU.ActiveCfg = Debug|Any CPU
		{FDEACD59-7AE6-470E-9917-D4D42A5918BC}.Debug|Any CPU.Build.0 = Debug|Any CPU
		{FDEACD59-7AE6-470E-9917-D4D42A5918BC}.Release|Any CPU.ActiveCfg = Release|Any CPU
		{FDEACD59-7AE6-470E-9917-D4D42A5918BC}.Release|Any CPU.Build.0 = Release|Any CPU
		{AF9D72A4-8523-406D-B2F3-7B90D00FD010}.Debug|Any CPU.ActiveCfg = Debug|Any CPU
		{AF9D72A4-8523-406D-B2F3-7B90D00FD010}.Debug|Any CPU.Build.0 = Debug|Any CPU
		{AF9D72A4-8523-406D-B2F3-7B90D00FD010}.Release|Any CPU.ActiveCfg = Release|Any CPU
		{AF9D72A4-8523-406D-B2F3-7B90D00FD010}.Release|Any CPU.Build.0 = Release|Any CPU
	EndGlobalSection
	GlobalSection(SolutionProperties) = preSolution
		HideSolutionNode = FALSE
	EndGlobalSection
	GlobalSection(ExtensibilityGlobals) = postSolution
		SolutionGuid = {840C68BF-50A2-4FFD-8DF4-500A03B8B7BE}
	EndGlobalSection
EndGlobal
