
Microsoft Visual Studio Solution File, Format Version 12.00
# Visual Studio Version 16
VisualStudioVersion = 16.0.29521.150
MinimumVisualStudioVersion = 10.0.40219.1
Project("{9A19103F-16F7-4668-BE54-9A1E7A4F7556}") = "ApiClient_EnvVarParam", "ApiClient_EnvVarParam\ApiClient_EnvVarParam.csproj", "{D10851D2-545D-4B4E-B5A4-9A272661FF14}"
EndProject
Project("{9A19103F-16F7-4668-BE54-9A1E7A4F7556}") = "ConfigApi_Windows", "ConfigApi_Windows\ConfigApi_Windows.csproj", "{0643C47E-30AA-45FD-849F-15E7C4F61763}"
EndProject
Global
	GlobalSection(SolutionConfigurationPlatforms) = preSolution
		Debug|Any CPU = Debug|Any CPU
		Release|Any CPU = Release|Any CPU
	EndGlobalSection
	GlobalSection(ProjectConfigurationPlatforms) = postSolution
		{D10851D2-545D-4B4E-B5A4-9A272661FF14}.Debug|Any CPU.ActiveCfg = Debug|Any CPU
		{D10851D2-545D-4B4E-B5A4-9A272661FF14}.Debug|Any CPU.Build.0 = Debug|Any CPU
		{D10851D2-545D-4B4E-B5A4-9A272661FF14}.Release|Any CPU.ActiveCfg = Release|Any CPU
		{D10851D2-545D-4B4E-B5A4-9A272661FF14}.Release|Any CPU.Build.0 = Release|Any CPU
		{0643C47E-30AA-45FD-849F-15E7C4F61763}.Debug|Any CPU.ActiveCfg = Debug|Any CPU
		{0643C47E-30AA-45FD-849F-15E7C4F61763}.Debug|Any CPU.Build.0 = Debug|Any CPU
		{0643C47E-30AA-45FD-849F-15E7C4F61763}.Release|Any CPU.ActiveCfg = Release|Any CPU
		{0643C47E-30AA-45FD-849F-15E7C4F61763}.Release|Any CPU.Build.0 = Release|Any CPU
	EndGlobalSection
	GlobalSection(SolutionProperties) = preSolution
		HideSolutionNode = FALSE
	EndGlobalSection
	GlobalSection(ExtensibilityGlobals) = postSolution
		SolutionGuid = {840C68BF-50A2-4FFD-8DF4-500A03B8B7BE}
	EndGlobalSection
EndGlobal
