
Microsoft Visual Studio Solution File, Format Version 12.00
# Visual Studio Version 16
VisualStudioVersion = 16.0.29319.158
MinimumVisualStudioVersion = 10.0.40219.1
Project("{9A19103F-16F7-4668-BE54-9A1E7A4F7556}") = "ConfigCore", "..\src\ConfigCore\ConfigCore.csproj", "{75AD40E9-7D3F-4E35-B8E1-F9F3DD5DBD44}"
EndProject
Project("{9A19103F-16F7-4668-BE54-9A1E7A4F7556}") = "ConfigClient_DbDefault", "Clients\ConfigClient_DbDefault\ConfigClient_DbDefault.csproj", "{1231E397-2339-4D60-AFDD-6DDF8928BE4D}"
EndProject
Project("{9A19103F-16F7-4668-BE54-9A1E7A4F7556}") = "ConfigClient_DbCustom", "Clients\ConfigClient_DbCustom\ConfigClient_DbCustom.csproj", "{792DE641-36A0-42EC-8FD8-0DA79172A7D0}"
EndProject
Project("{9A19103F-16F7-4668-BE54-9A1E7A4F7556}") = "ConfigClient_DbStartup", "Clients\ConfigClient_DbStartup\ConfigClient_DbStartup.csproj", "{528C0573-22C9-4EC4-BF07-2FAA195460F8}"
EndProject
Global
	GlobalSection(SolutionConfigurationPlatforms) = preSolution
		Debug|Any CPU = Debug|Any CPU
		Release|Any CPU = Release|Any CPU
	EndGlobalSection
	GlobalSection(ProjectConfigurationPlatforms) = postSolution
		{75AD40E9-7D3F-4E35-B8E1-F9F3DD5DBD44}.Debug|Any CPU.ActiveCfg = Debug|Any CPU
		{75AD40E9-7D3F-4E35-B8E1-F9F3DD5DBD44}.Debug|Any CPU.Build.0 = Debug|Any CPU
		{75AD40E9-7D3F-4E35-B8E1-F9F3DD5DBD44}.Release|Any CPU.ActiveCfg = Release|Any CPU
		{75AD40E9-7D3F-4E35-B8E1-F9F3DD5DBD44}.Release|Any CPU.Build.0 = Release|Any CPU
		{1231E397-2339-4D60-AFDD-6DDF8928BE4D}.Debug|Any CPU.ActiveCfg = Debug|Any CPU
		{1231E397-2339-4D60-AFDD-6DDF8928BE4D}.Debug|Any CPU.Build.0 = Debug|Any CPU
		{1231E397-2339-4D60-AFDD-6DDF8928BE4D}.Release|Any CPU.ActiveCfg = Release|Any CPU
		{1231E397-2339-4D60-AFDD-6DDF8928BE4D}.Release|Any CPU.Build.0 = Release|Any CPU
		{792DE641-36A0-42EC-8FD8-0DA79172A7D0}.Debug|Any CPU.ActiveCfg = Debug|Any CPU
		{792DE641-36A0-42EC-8FD8-0DA79172A7D0}.Debug|Any CPU.Build.0 = Debug|Any CPU
		{792DE641-36A0-42EC-8FD8-0DA79172A7D0}.Release|Any CPU.ActiveCfg = Release|Any CPU
		{792DE641-36A0-42EC-8FD8-0DA79172A7D0}.Release|Any CPU.Build.0 = Release|Any CPU
		{528C0573-22C9-4EC4-BF07-2FAA195460F8}.Debug|Any CPU.ActiveCfg = Debug|Any CPU
		{528C0573-22C9-4EC4-BF07-2FAA195460F8}.Debug|Any CPU.Build.0 = Debug|Any CPU
		{528C0573-22C9-4EC4-BF07-2FAA195460F8}.Release|Any CPU.ActiveCfg = Release|Any CPU
		{528C0573-22C9-4EC4-BF07-2FAA195460F8}.Release|Any CPU.Build.0 = Release|Any CPU
	EndGlobalSection
	GlobalSection(SolutionProperties) = preSolution
		HideSolutionNode = FALSE
	EndGlobalSection
	GlobalSection(ExtensibilityGlobals) = postSolution
		SolutionGuid = {B3FB5E66-C5AD-4457-A773-C6FCD5C30A07}
	EndGlobalSection
EndGlobal
