
Microsoft Visual Studio Solution File, Format Version 12.00
# Visual Studio Version 16
VisualStudioVersion = 16.0.29521.150
MinimumVisualStudioVersion = 10.0.40219.1
Project("{9A19103F-16F7-4668-BE54-9A1E7A4F7556}") = "EncryptedConfigClient", "EncryptedConfigClient\EncryptedConfigClient.csproj", "{0B65ABE1-6729-4D89-8145-612255488A04}"
EndProject
Project("{9A19103F-16F7-4668-BE54-9A1E7A4F7556}") = "ConfigCore.CryptoConsole", "CryptoConsole\ConfigCore.CryptoConsole.csproj", "{3F4E1863-3AF5-49F2-8B81-64BA8BD53FBC}"
EndProject
Project("{9A19103F-16F7-4668-BE54-9A1E7A4F7556}") = "ConfigCore", "..\..\..\src\ConfigCore\ConfigCore.csproj", "{90E20D97-B8C4-4206-BA93-824D1B63FD40}"
EndProject
Global
	GlobalSection(SolutionConfigurationPlatforms) = preSolution
		Debug|Any CPU = Debug|Any CPU
		Release|Any CPU = Release|Any CPU
	EndGlobalSection
	GlobalSection(ProjectConfigurationPlatforms) = postSolution
		{0B65ABE1-6729-4D89-8145-612255488A04}.Debug|Any CPU.ActiveCfg = Debug|Any CPU
		{0B65ABE1-6729-4D89-8145-612255488A04}.Debug|Any CPU.Build.0 = Debug|Any CPU
		{0B65ABE1-6729-4D89-8145-612255488A04}.Release|Any CPU.ActiveCfg = Release|Any CPU
		{0B65ABE1-6729-4D89-8145-612255488A04}.Release|Any CPU.Build.0 = Release|Any CPU
		{3F4E1863-3AF5-49F2-8B81-64BA8BD53FBC}.Debug|Any CPU.ActiveCfg = Debug|Any CPU
		{3F4E1863-3AF5-49F2-8B81-64BA8BD53FBC}.Debug|Any CPU.Build.0 = Debug|Any CPU
		{3F4E1863-3AF5-49F2-8B81-64BA8BD53FBC}.Release|Any CPU.ActiveCfg = Release|Any CPU
		{3F4E1863-3AF5-49F2-8B81-64BA8BD53FBC}.Release|Any CPU.Build.0 = Release|Any CPU
		{90E20D97-B8C4-4206-BA93-824D1B63FD40}.Debug|Any CPU.ActiveCfg = Debug|Any CPU
		{90E20D97-B8C4-4206-BA93-824D1B63FD40}.Debug|Any CPU.Build.0 = Debug|Any CPU
		{90E20D97-B8C4-4206-BA93-824D1B63FD40}.Release|Any CPU.ActiveCfg = Release|Any CPU
		{90E20D97-B8C4-4206-BA93-824D1B63FD40}.Release|Any CPU.Build.0 = Release|Any CPU
	EndGlobalSection
	GlobalSection(SolutionProperties) = preSolution
		HideSolutionNode = FALSE
	EndGlobalSection
	GlobalSection(ExtensibilityGlobals) = postSolution
		SolutionGuid = {AE656309-F1FE-40C4-BD6B-19C2EFA456D0}
	EndGlobalSection
EndGlobal
